
Microsoft Visual Studio Solution File, Format Version 12.00
# Visual Studio Version 17
VisualStudioVersion = 17.1.32210.238
MinimumVisualStudioVersion = 10.0.40219.1
Project("{FAE04EC0-301F-11D3-BF4B-00C04F79EFBC}") = "ConsoleApp2", "ConsoleApp2\ConsoleApp2.csproj", "{ACFB4B7F-78CA-4135-9C30-4AAB6D89A6EA}"
EndProject
Global
	GlobalSection(SolutionConfigurationPlatforms) = preSolution
		Debug|Any CPU = Debug|Any CPU
		Release|Any CPU = Release|Any CPU
	EndGlobalSection
	GlobalSection(ProjectConfigurationPlatforms) = postSolution
		{ACFB4B7F-78CA-4135-9C30-4AAB6D89A6EA}.Debug|Any CPU.ActiveCfg = Debug|Any CPU
		{ACFB4B7F-78CA-4135-9C30-4AAB6D89A6EA}.Debug|Any CPU.Build.0 = Debug|Any CPU
		{ACFB4B7F-78CA-4135-9C30-4AAB6D89A6EA}.Release|Any CPU.ActiveCfg = Release|Any CPU
		{ACFB4B7F-78CA-4135-9C30-4AAB6D89A6EA}.Release|Any CPU.Build.0 = Release|Any CPU
	EndGlobalSection
	GlobalSection(SolutionProperties) = preSolution
		HideSolutionNode = FALSE
	EndGlobalSection
	GlobalSection(ExtensibilityGlobals) = postSolution
		SolutionGuid = {A6D15999-C5EA-4946-8225-C93BF3CA6A49}
	EndGlobalSection
EndGlobal
